
Microsoft Visual Studio Solution File, Format Version 11.00
# Visual Studio 2010
Project("{FAE04EC0-301F-11D3-BF4B-00C04F79EFBC}") = "Unity.Timeline", "Unity.Timeline.csproj", "{17f340bc-3f06-4006-8ef4-2a5648edbed4}"
EndProject
Project("{FAE04EC0-301F-11D3-BF4B-00C04F79EFBC}") = "Unity.PlasticSCM.Editor", "Unity.PlasticSCM.Editor.csproj", "{71d3984c-8c3f-c2aa-517d-6a5ded68304f}"
EndProject
Project("{FAE04EC0-301F-11D3-BF4B-00C04F79EFBC}") = "Unity.2D.Aseprite.Editor", "Unity.2D.Aseprite.Editor.csproj", "{d67a646b-e56e-96b3-6990-20b1228924b1}"
EndProject
Project("{FAE04EC0-301F-11D3-BF4B-00C04F79EFBC}") = "Unity.Mathematics", "Unity.Mathematics.csproj", "{2cc60f53-88f7-1a17-e588-f76c37b2c657}"
EndProject
Project("{FAE04EC0-301F-11D3-BF4B-00C04F79EFBC}") = "Unity.Timeline.Editor", "Unity.Timeline.Editor.csproj", "{302ce443-21f7-5a79-7fb4-23e587d8afb4}"
EndProject
Project("{FAE04EC0-301F-11D3-BF4B-00C04F79EFBC}") = "Unity.Collections", "Unity.Collections.csproj", "{ef39ee5c-810a-3cfd-c6eb-3f9a05c9f996}"
EndProject
Project("{FAE04EC0-301F-11D3-BF4B-00C04F79EFBC}") = "Unity.2D.IK.Runtime", "Unity.2D.IK.Runtime.csproj", "{ed55ce58-faac-f3a0-4867-a868ef86f5fb}"
EndProject
Project("{FAE04EC0-301F-11D3-BF4B-00C04F79EFBC}") = "Unity.2D.Psdimporter.Editor", "Unity.2D.Psdimporter.Editor.csproj", "{babae5bc-53a2-afd3-e575-81a4c51e7e39}"
EndProject
Project("{FAE04EC0-301F-11D3-BF4B-00C04F79EFBC}") = "Unity.VisualScripting.Core.Editor", "Unity.VisualScripting.Core.Editor.csproj", "{718aba85-4292-9e67-1b93-3beb23685f19}"
EndProject
Project("{FAE04EC0-301F-11D3-BF4B-00C04F79EFBC}") = "Unity.PerformanceTesting.Editor", "Unity.PerformanceTesting.Editor.csproj", "{cf0d3ca1-ae48-c858-8e02-e5b66147e8cc}"
EndProject
Project("{FAE04EC0-301F-11D3-BF4B-00C04F79EFBC}") = "UnityEngine.TestRunner", "UnityEngine.TestRunner.csproj", "{7788340d-0bc1-93fc-326b-56eb401c6cbf}"
EndProject
Project("{FAE04EC0-301F-11D3-BF4B-00C04F79EFBC}") = "Unity.Burst", "Unity.Burst.csproj", "{d9e7833f-73bc-b2e0-1093-f6e5617f1c10}"
EndProject
Project("{FAE04EC0-301F-11D3-BF4B-00C04F79EFBC}") = "Unity.VisualScripting.Flow.Editor", "Unity.VisualScripting.Flow.Editor.csproj", "{3cf9ae87-37e0-0a9b-837d-cd9c98422ee0}"
EndProject
Project("{FAE04EC0-301F-11D3-BF4B-00C04F79EFBC}") = "Unity.2D.SpriteShape.Editor", "Unity.2D.SpriteShape.Editor.csproj", "{9277b1ca-dc14-e39a-5107-e2dc869225aa}"
EndProject
Project("{FAE04EC0-301F-11D3-BF4B-00C04F79EFBC}") = "Unity.VisualStudio.Editor", "Unity.VisualStudio.Editor.csproj", "{10a9f785-eec0-8438-5497-a880c52d1ccc}"
EndProject
Project("{FAE04EC0-301F-11D3-BF4B-00C04F79EFBC}") = "Unity.InputSystem", "Unity.InputSystem.csproj", "{a5a32133-9d21-a4b5-c970-67f76946d54a}"
EndProject
Project("{FAE04EC0-301F-11D3-BF4B-00C04F79EFBC}") = "Unity.2D.Animation.Editor", "Unity.2D.Animation.Editor.csproj", "{8ce60ae3-3cd5-28d8-0c90-c7ecc2cd46ce}"
EndProject
Project("{FAE04EC0-301F-11D3-BF4B-00C04F79EFBC}") = "Unity.Searcher.Editor", "Unity.Searcher.Editor.csproj", "{76ace8e2-8c81-e415-3e16-d68cde7e9954}"
EndProject
Project("{FAE04EC0-301F-11D3-BF4B-00C04F79EFBC}") = "Unity.2D.SpriteShape.Runtime", "Unity.2D.SpriteShape.Runtime.csproj", "{839ff16d-2c79-36c1-81e8-c6ebca422e74}"
EndProject
Project("{FAE04EC0-301F-11D3-BF4B-00C04F79EFBC}") = "UnityEditor.TestRunner", "UnityEditor.TestRunner.csproj", "{14be95b3-865d-e3d5-a200-2fabe4c5fb2e}"
EndProject
Project("{FAE04EC0-301F-11D3-BF4B-00C04F79EFBC}") = "Unity.VisualScripting.Core", "Unity.VisualScripting.Core.csproj", "{9a674e2c-2174-c31c-4b41-9f20255754b0}"
EndProject
Project("{FAE04EC0-301F-11D3-BF4B-00C04F79EFBC}") = "Unity.CollabProxy.Editor", "Unity.CollabProxy.Editor.csproj", "{7b63d446-f411-bd7b-3de7-9ddded71b26c}"
EndProject
Project("{FAE04EC0-301F-11D3-BF4B-00C04F79EFBC}") = "Unity.VisualScripting.State.Editor", "Unity.VisualScripting.State.Editor.csproj", "{cf3e2b54-4d47-f06e-1774-b00025f776c0}"
EndProject
Project("{FAE04EC0-301F-11D3-BF4B-00C04F79EFBC}") = "Unity.Burst.CodeGen", "Unity.Burst.CodeGen.csproj", "{6aaf996d-97d7-4670-49b6-2d9039299a04}"
EndProject
Project("{FAE04EC0-301F-11D3-BF4B-00C04F79EFBC}") = "Unity.VisualScripting.Flow", "Unity.VisualScripting.Flow.csproj", "{092feb94-0851-c934-1ace-d18e791d9c4a}"
EndProject
Project("{FAE04EC0-301F-11D3-BF4B-00C04F79EFBC}") = "Assembly-CSharp", "Assembly-CSharp.csproj", "{da57c2c7-5861-82c5-24db-1488f7b30cf3}"
EndProject
Project("{FAE04EC0-301F-11D3-BF4B-00C04F79EFBC}") = "Unity.PerformanceTesting", "Unity.PerformanceTesting.csproj", "{1ecb70bb-3599-c920-b3fc-06ff53e577ce}"
EndProject
Project("{FAE04EC0-301F-11D3-BF4B-00C04F79EFBC}") = "Unity.2D.Tilemap.Extras.Editor", "Unity.2D.Tilemap.Extras.Editor.csproj", "{0f3e0322-b55f-c3ed-64cc-f2ff853eac92}"
EndProject
Project("{FAE04EC0-301F-11D3-BF4B-00C04F79EFBC}") = "PsdPlugin", "PsdPlugin.csproj", "{dc3da84f-aca6-ee7d-582a-37b10dfc6973}"
EndProject
Project("{FAE04EC0-301F-11D3-BF4B-00C04F79EFBC}") = "Unity.2D.IK.Editor", "Unity.2D.IK.Editor.csproj", "{d5af88af-d9d8-9cfb-1055-634b5b9d2fc5}"
EndProject
Project("{FAE04EC0-301F-11D3-BF4B-00C04F79EFBC}") = "Unity.InternalAPIEngineBridge.001", "Unity.InternalAPIEngineBridge.001.csproj", "{f11b90a0-0b4c-ebea-db08-452675c3495f}"
EndProject
Project("{FAE04EC0-301F-11D3-BF4B-00C04F79EFBC}") = "Unity.2D.Aseprite.Common", "Unity.2D.Aseprite.Common.csproj", "{abb08aae-d89c-2225-96c4-d786f108e4c6}"
EndProject
Project("{FAE04EC0-301F-11D3-BF4B-00C04F79EFBC}") = "Unity.Burst.Editor", "Unity.Burst.Editor.csproj", "{3ffab2cc-2921-17fd-9713-47db2e200551}"
EndProject
Project("{FAE04EC0-301F-11D3-BF4B-00C04F79EFBC}") = "Unity.2D.Common.Path.Editor", "Unity.2D.Common.Path.Editor.csproj", "{230d669a-0a91-0a66-e270-8ee51bb3d96e}"
EndProject
Project("{FAE04EC0-301F-11D3-BF4B-00C04F79EFBC}") = "Unity.2D.Common.Editor", "Unity.2D.Common.Editor.csproj", "{42741c46-ea7a-ae9b-3d6e-ab2a8118b633}"
EndProject
Project("{FAE04EC0-301F-11D3-BF4B-00C04F79EFBC}") = "Unity.Rider.Editor", "Unity.Rider.Editor.csproj", "{b629656d-c81d-f9ca-ad6c-3325d91e53fc}"
EndProject
Project("{FAE04EC0-301F-11D3-BF4B-00C04F79EFBC}") = "Unity.VisualScripting.State", "Unity.VisualScripting.State.csproj", "{dec2ef74-b736-cb86-9674-5f508f751a53}"
EndProject
Project("{FAE04EC0-301F-11D3-BF4B-00C04F79EFBC}") = "Unity.InternalAPIEditorBridge.001", "Unity.InternalAPIEditorBridge.001.csproj", "{16efbb2f-7457-1e14-ffe6-c2e0a0d03204}"
EndProject
Project("{FAE04EC0-301F-11D3-BF4B-00C04F79EFBC}") = "Unity.2D.PixelPerfect.Editor", "Unity.2D.PixelPerfect.Editor.csproj", "{f3fb0e5a-501c-0175-af25-b0db04ec7341}"
EndProject
Project("{FAE04EC0-301F-11D3-BF4B-00C04F79EFBC}") = "Unity.InputSystem.ForUI", "Unity.InputSystem.ForUI.csproj", "{0ba32f14-8704-7a1b-1ba4-0a5594cfb89f}"
EndProject
Project("{FAE04EC0-301F-11D3-BF4B-00C04F79EFBC}") = "Unity.Collections.CodeGen", "Unity.Collections.CodeGen.csproj", "{18dc4425-45be-7ece-ceea-be2931af3fd4}"
EndProject
Project("{FAE04EC0-301F-11D3-BF4B-00C04F79EFBC}") = "Unity.2D.Tilemap.Extras", "Unity.2D.Tilemap.Extras.csproj", "{5af2a764-8333-9c9d-f532-eaea3975d33c}"
EndProject
Project("{FAE04EC0-301F-11D3-BF4B-00C04F79EFBC}") = "Unity.2D.Animation.Runtime", "Unity.2D.Animation.Runtime.csproj", "{67c4b066-00e1-b9bf-20b9-6176ac9daf33}"
EndProject
Project("{FAE04EC0-301F-11D3-BF4B-00C04F79EFBC}") = "Unity.Mathematics.Editor", "Unity.Mathematics.Editor.csproj", "{31c0c40a-0d95-e4fe-c143-4d603647fc54}"
EndProject
Project("{FAE04EC0-301F-11D3-BF4B-00C04F79EFBC}") = "Unity.VisualScripting.SettingsProvider.Editor", "Unity.VisualScripting.SettingsProvider.Editor.csproj", "{87772822-013f-08d1-e85f-064c979023ea}"
EndProject
Project("{FAE04EC0-301F-11D3-BF4B-00C04F79EFBC}") = "Unity.InputSystem.TestFramework", "Unity.InputSystem.TestFramework.csproj", "{e6b742c8-33dd-ee2b-3c77-aad5f8bc2c63}"
EndProject
Project("{FAE04EC0-301F-11D3-BF4B-00C04F79EFBC}") = "Unity.VisualScripting.Shared.Editor", "Unity.VisualScripting.Shared.Editor.csproj", "{2428ac97-56e1-95c8-fe95-3f5f7ac85ef3}"
EndProject
Project("{FAE04EC0-301F-11D3-BF4B-00C04F79EFBC}") = "Unity.2D.Common.Runtime", "Unity.2D.Common.Runtime.csproj", "{f2f50b8f-d76d-54f4-50f3-a5bc7ea12d48}"
EndProject
Project("{FAE04EC0-301F-11D3-BF4B-00C04F79EFBC}") = "Unity.2D.PixelPerfect", "Unity.2D.PixelPerfect.csproj", "{af76386d-8448-d83c-8a32-4187db4067b9}"
EndProject
Project("{FAE04EC0-301F-11D3-BF4B-00C04F79EFBC}") = "ScriptablePacker", "ScriptablePacker.csproj", "{c0b3365d-14b5-f669-ef4b-6b21370d556a}"
EndProject
Project("{FAE04EC0-301F-11D3-BF4B-00C04F79EFBC}") = "Unity.Collections.Editor", "Unity.Collections.Editor.csproj", "{9882f346-f763-782e-9e20-35180b96b745}"
EndProject
Project("{FAE04EC0-301F-11D3-BF4B-00C04F79EFBC}") = "Assembly-CSharp-Editor", "Assembly-CSharp-Editor.csproj", "{847683d7-f907-abbc-df71-41460574b719}"
EndProject
Project("{FAE04EC0-301F-11D3-BF4B-00C04F79EFBC}") = "Unity.Mathematics.Tests", "Unity.Mathematics.Tests.csproj", "{ecdf35ae-f297-3703-d25e-49bcaa2a3a0b}"
EndProject
Project("{FAE04EC0-301F-11D3-BF4B-00C04F79EFBC}") = "Unity.2D.Aseprite.EditorTests", "Unity.2D.Aseprite.EditorTests.csproj", "{f780454c-a196-24fa-e3c2-fe6f6bd4b506}"
EndProject
Project("{FAE04EC0-301F-11D3-BF4B-00C04F79EFBC}") = "Unity.Collections.DocCodeSamples", "Unity.Collections.DocCodeSamples.csproj", "{a4de58b4-7e1e-85b3-5390-56f99b8b7784}"
EndProject
Project("{FAE04EC0-301F-11D3-BF4B-00C04F79EFBC}") = "Unity.2D.PixelPerfect.EditorTests", "Unity.2D.PixelPerfect.EditorTests.csproj", "{c4da164e-366e-e4ca-96fa-a62b916d75ef}"
EndProject
Project("{FAE04EC0-301F-11D3-BF4B-00C04F79EFBC}") = "Unity.2D.SpriteShape.EditorTests", "Unity.2D.SpriteShape.EditorTests.csproj", "{c35b5a34-8b1b-5fc1-b780-cb68009383be}"
EndProject
Project("{FAE04EC0-301F-11D3-BF4B-00C04F79EFBC}") = "Unity.2D.Common.EditorTests", "Unity.2D.Common.EditorTests.csproj", "{51f60f52-6e4d-364f-2550-01459380fef9}"
EndProject
Project("{FAE04EC0-301F-11D3-BF4B-00C04F79EFBC}") = "Unity.Searcher.EditorTests", "Unity.Searcher.EditorTests.csproj", "{dae37bb9-dd32-c1a3-116d-58373b61a0a2}"
EndProject
Project("{FAE04EC0-301F-11D3-BF4B-00C04F79EFBC}") = "Unity.Collections.PerformanceTests", "Unity.Collections.PerformanceTests.csproj", "{ddc86744-0fc0-bd2d-fc6a-256611ebc242}"
EndProject
Project("{FAE04EC0-301F-11D3-BF4B-00C04F79EFBC}") = "DocCodeExamples", "DocCodeExamples.csproj", "{4ecdcd43-fd62-be07-0671-1fec1e8c8e59}"
EndProject
Project("{FAE04EC0-301F-11D3-BF4B-00C04F79EFBC}") = "Unity.Collections.Tests", "Unity.Collections.Tests.csproj", "{a05f0bbc-946e-7f92-ef98-8bbca2f12b3c}"
EndProject
Project("{FAE04EC0-301F-11D3-BF4B-00C04F79EFBC}") = "Unity.2D.Psdimporter.EditorTests", "Unity.2D.Psdimporter.EditorTests.csproj", "{1e4ca3ed-9d73-5dc7-8929-247654c69991}"
EndProject
Project("{FAE04EC0-301F-11D3-BF4B-00C04F79EFBC}") = "Unity.InputSystem.IntegrationTests", "Unity.InputSystem.IntegrationTests.csproj", "{30ff31e3-b21e-3862-639d-bfd6baee0912}"
EndProject
Project("{FAE04EC0-301F-11D3-BF4B-00C04F79EFBC}") = "Unity.Collections.Tests.Playmode", "Unity.Collections.Tests.Playmode.csproj", "{bd6f0ac9-f880-2545-a886-5171a12c8438}"
EndProject
Project("{FAE04EC0-301F-11D3-BF4B-00C04F79EFBC}") = "Unity.Nuget.Mono-Cecil", "Unity.Nuget.Mono-Cecil.csproj", "{1bbe3f69-9550-7569-f8c5-f5b4391b7777}"
EndProject
Project("{FAE04EC0-301F-11D3-BF4B-00C04F79EFBC}") = "Unity.2D.Animation.EditorTests", "Unity.2D.Animation.EditorTests.csproj", "{edca3072-1dd0-c564-ff6e-97b8fee65c95}"
EndProject
Project("{FAE04EC0-301F-11D3-BF4B-00C04F79EFBC}") = "Unity.Collections.BurstCompatibilityGen", "Unity.Collections.BurstCompatibilityGen.csproj", "{907fe313-71e7-d290-8978-b13578977ef9}"
EndProject
Global
	GlobalSection(SolutionConfigurationPlatforms) = preSolution
		Debug|Any CPU = Debug|Any CPU
	EndGlobalSection
	GlobalSection(ProjectConfigurationPlatforms) = postSolution
		{17f340bc-3f06-4006-8ef4-2a5648edbed4}.Debug|Any CPU.ActiveCfg = Debug|Any CPU
		{17f340bc-3f06-4006-8ef4-2a5648edbed4}.Debug|Any CPU.Build.0 = Debug|Any CPU
		{71d3984c-8c3f-c2aa-517d-6a5ded68304f}.Debug|Any CPU.ActiveCfg = Debug|Any CPU
		{71d3984c-8c3f-c2aa-517d-6a5ded68304f}.Debug|Any CPU.Build.0 = Debug|Any CPU
		{d67a646b-e56e-96b3-6990-20b1228924b1}.Debug|Any CPU.ActiveCfg = Debug|Any CPU
		{d67a646b-e56e-96b3-6990-20b1228924b1}.Debug|Any CPU.Build.0 = Debug|Any CPU
		{2cc60f53-88f7-1a17-e588-f76c37b2c657}.Debug|Any CPU.ActiveCfg = Debug|Any CPU
		{2cc60f53-88f7-1a17-e588-f76c37b2c657}.Debug|Any CPU.Build.0 = Debug|Any CPU
		{302ce443-21f7-5a79-7fb4-23e587d8afb4}.Debug|Any CPU.ActiveCfg = Debug|Any CPU
		{302ce443-21f7-5a79-7fb4-23e587d8afb4}.Debug|Any CPU.Build.0 = Debug|Any CPU
		{ef39ee5c-810a-3cfd-c6eb-3f9a05c9f996}.Debug|Any CPU.ActiveCfg = Debug|Any CPU
		{ef39ee5c-810a-3cfd-c6eb-3f9a05c9f996}.Debug|Any CPU.Build.0 = Debug|Any CPU
		{ed55ce58-faac-f3a0-4867-a868ef86f5fb}.Debug|Any CPU.ActiveCfg = Debug|Any CPU
		{ed55ce58-faac-f3a0-4867-a868ef86f5fb}.Debug|Any CPU.Build.0 = Debug|Any CPU
		{babae5bc-53a2-afd3-e575-81a4c51e7e39}.Debug|Any CPU.ActiveCfg = Debug|Any CPU
		{babae5bc-53a2-afd3-e575-81a4c51e7e39}.Debug|Any CPU.Build.0 = Debug|Any CPU
		{718aba85-4292-9e67-1b93-3beb23685f19}.Debug|Any CPU.ActiveCfg = Debug|Any CPU
		{718aba85-4292-9e67-1b93-3beb23685f19}.Debug|Any CPU.Build.0 = Debug|Any CPU
		{cf0d3ca1-ae48-c858-8e02-e5b66147e8cc}.Debug|Any CPU.ActiveCfg = Debug|Any CPU
		{cf0d3ca1-ae48-c858-8e02-e5b66147e8cc}.Debug|Any CPU.Build.0 = Debug|Any CPU
		{7788340d-0bc1-93fc-326b-56eb401c6cbf}.Debug|Any CPU.ActiveCfg = Debug|Any CPU
		{7788340d-0bc1-93fc-326b-56eb401c6cbf}.Debug|Any CPU.Build.0 = Debug|Any CPU
		{d9e7833f-73bc-b2e0-1093-f6e5617f1c10}.Debug|Any CPU.ActiveCfg = Debug|Any CPU
		{d9e7833f-73bc-b2e0-1093-f6e5617f1c10}.Debug|Any CPU.Build.0 = Debug|Any CPU
		{3cf9ae87-37e0-0a9b-837d-cd9c98422ee0}.Debug|Any CPU.ActiveCfg = Debug|Any CPU
		{3cf9ae87-37e0-0a9b-837d-cd9c98422ee0}.Debug|Any CPU.Build.0 = Debug|Any CPU
		{9277b1ca-dc14-e39a-5107-e2dc869225aa}.Debug|Any CPU.ActiveCfg = Debug|Any CPU
		{9277b1ca-dc14-e39a-5107-e2dc869225aa}.Debug|Any CPU.Build.0 = Debug|Any CPU
		{10a9f785-eec0-8438-5497-a880c52d1ccc}.Debug|Any CPU.ActiveCfg = Debug|Any CPU
		{10a9f785-eec0-8438-5497-a880c52d1ccc}.Debug|Any CPU.Build.0 = Debug|Any CPU
		{a5a32133-9d21-a4b5-c970-67f76946d54a}.Debug|Any CPU.ActiveCfg = Debug|Any CPU
		{a5a32133-9d21-a4b5-c970-67f76946d54a}.Debug|Any CPU.Build.0 = Debug|Any CPU
		{8ce60ae3-3cd5-28d8-0c90-c7ecc2cd46ce}.Debug|Any CPU.ActiveCfg = Debug|Any CPU
		{8ce60ae3-3cd5-28d8-0c90-c7ecc2cd46ce}.Debug|Any CPU.Build.0 = Debug|Any CPU
		{76ace8e2-8c81-e415-3e16-d68cde7e9954}.Debug|Any CPU.ActiveCfg = Debug|Any CPU
		{76ace8e2-8c81-e415-3e16-d68cde7e9954}.Debug|Any CPU.Build.0 = Debug|Any CPU
		{839ff16d-2c79-36c1-81e8-c6ebca422e74}.Debug|Any CPU.ActiveCfg = Debug|Any CPU
		{839ff16d-2c79-36c1-81e8-c6ebca422e74}.Debug|Any CPU.Build.0 = Debug|Any CPU
		{14be95b3-865d-e3d5-a200-2fabe4c5fb2e}.Debug|Any CPU.ActiveCfg = Debug|Any CPU
		{14be95b3-865d-e3d5-a200-2fabe4c5fb2e}.Debug|Any CPU.Build.0 = Debug|Any CPU
		{9a674e2c-2174-c31c-4b41-9f20255754b0}.Debug|Any CPU.ActiveCfg = Debug|Any CPU
		{9a674e2c-2174-c31c-4b41-9f20255754b0}.Debug|Any CPU.Build.0 = Debug|Any CPU
		{7b63d446-f411-bd7b-3de7-9ddded71b26c}.Debug|Any CPU.ActiveCfg = Debug|Any CPU
		{7b63d446-f411-bd7b-3de7-9ddded71b26c}.Debug|Any CPU.Build.0 = Debug|Any CPU
		{cf3e2b54-4d47-f06e-1774-b00025f776c0}.Debug|Any CPU.ActiveCfg = Debug|Any CPU
		{cf3e2b54-4d47-f06e-1774-b00025f776c0}.Debug|Any CPU.Build.0 = Debug|Any CPU
		{6aaf996d-97d7-4670-49b6-2d9039299a04}.Debug|Any CPU.ActiveCfg = Debug|Any CPU
		{6aaf996d-97d7-4670-49b6-2d9039299a04}.Debug|Any CPU.Build.0 = Debug|Any CPU
		{092feb94-0851-c934-1ace-d18e791d9c4a}.Debug|Any CPU.ActiveCfg = Debug|Any CPU
		{092feb94-0851-c934-1ace-d18e791d9c4a}.Debug|Any CPU.Build.0 = Debug|Any CPU
		{da57c2c7-5861-82c5-24db-1488f7b30cf3}.Debug|Any CPU.ActiveCfg = Debug|Any CPU
		{da57c2c7-5861-82c5-24db-1488f7b30cf3}.Debug|Any CPU.Build.0 = Debug|Any CPU
		{1ecb70bb-3599-c920-b3fc-06ff53e577ce}.Debug|Any CPU.ActiveCfg = Debug|Any CPU
		{1ecb70bb-3599-c920-b3fc-06ff53e577ce}.Debug|Any CPU.Build.0 = Debug|Any CPU
		{0f3e0322-b55f-c3ed-64cc-f2ff853eac92}.Debug|Any CPU.ActiveCfg = Debug|Any CPU
		{0f3e0322-b55f-c3ed-64cc-f2ff853eac92}.Debug|Any CPU.Build.0 = Debug|Any CPU
		{dc3da84f-aca6-ee7d-582a-37b10dfc6973}.Debug|Any CPU.ActiveCfg = Debug|Any CPU
		{dc3da84f-aca6-ee7d-582a-37b10dfc6973}.Debug|Any CPU.Build.0 = Debug|Any CPU
		{d5af88af-d9d8-9cfb-1055-634b5b9d2fc5}.Debug|Any CPU.ActiveCfg = Debug|Any CPU
		{d5af88af-d9d8-9cfb-1055-634b5b9d2fc5}.Debug|Any CPU.Build.0 = Debug|Any CPU
		{f11b90a0-0b4c-ebea-db08-452675c3495f}.Debug|Any CPU.ActiveCfg = Debug|Any CPU
		{f11b90a0-0b4c-ebea-db08-452675c3495f}.Debug|Any CPU.Build.0 = Debug|Any CPU
		{abb08aae-d89c-2225-96c4-d786f108e4c6}.Debug|Any CPU.ActiveCfg = Debug|Any CPU
		{abb08aae-d89c-2225-96c4-d786f108e4c6}.Debug|Any CPU.Build.0 = Debug|Any CPU
		{3ffab2cc-2921-17fd-9713-47db2e200551}.Debug|Any CPU.ActiveCfg = Debug|Any CPU
		{3ffab2cc-2921-17fd-9713-47db2e200551}.Debug|Any CPU.Build.0 = Debug|Any CPU
		{230d669a-0a91-0a66-e270-8ee51bb3d96e}.Debug|Any CPU.ActiveCfg = Debug|Any CPU
		{230d669a-0a91-0a66-e270-8ee51bb3d96e}.Debug|Any CPU.Build.0 = Debug|Any CPU
		{42741c46-ea7a-ae9b-3d6e-ab2a8118b633}.Debug|Any CPU.ActiveCfg = Debug|Any CPU
		{42741c46-ea7a-ae9b-3d6e-ab2a8118b633}.Debug|Any CPU.Build.0 = Debug|Any CPU
		{b629656d-c81d-f9ca-ad6c-3325d91e53fc}.Debug|Any CPU.ActiveCfg = Debug|Any CPU
		{b629656d-c81d-f9ca-ad6c-3325d91e53fc}.Debug|Any CPU.Build.0 = Debug|Any CPU
		{dec2ef74-b736-cb86-9674-5f508f751a53}.Debug|Any CPU.ActiveCfg = Debug|Any CPU
		{dec2ef74-b736-cb86-9674-5f508f751a53}.Debug|Any CPU.Build.0 = Debug|Any CPU
		{16efbb2f-7457-1e14-ffe6-c2e0a0d03204}.Debug|Any CPU.ActiveCfg = Debug|Any CPU
		{16efbb2f-7457-1e14-ffe6-c2e0a0d03204}.Debug|Any CPU.Build.0 = Debug|Any CPU
		{f3fb0e5a-501c-0175-af25-b0db04ec7341}.Debug|Any CPU.ActiveCfg = Debug|Any CPU
		{f3fb0e5a-501c-0175-af25-b0db04ec7341}.Debug|Any CPU.Build.0 = Debug|Any CPU
		{0ba32f14-8704-7a1b-1ba4-0a5594cfb89f}.Debug|Any CPU.ActiveCfg = Debug|Any CPU
		{0ba32f14-8704-7a1b-1ba4-0a5594cfb89f}.Debug|Any CPU.Build.0 = Debug|Any CPU
		{18dc4425-45be-7ece-ceea-be2931af3fd4}.Debug|Any CPU.ActiveCfg = Debug|Any CPU
		{18dc4425-45be-7ece-ceea-be2931af3fd4}.Debug|Any CPU.Build.0 = Debug|Any CPU
		{5af2a764-8333-9c9d-f532-eaea3975d33c}.Debug|Any CPU.ActiveCfg = Debug|Any CPU
		{5af2a764-8333-9c9d-f532-eaea3975d33c}.Debug|Any CPU.Build.0 = Debug|Any CPU
		{67c4b066-00e1-b9bf-20b9-6176ac9daf33}.Debug|Any CPU.ActiveCfg = Debug|Any CPU
		{67c4b066-00e1-b9bf-20b9-6176ac9daf33}.Debug|Any CPU.Build.0 = Debug|Any CPU
		{31c0c40a-0d95-e4fe-c143-4d603647fc54}.Debug|Any CPU.ActiveCfg = Debug|Any CPU
		{31c0c40a-0d95-e4fe-c143-4d603647fc54}.Debug|Any CPU.Build.0 = Debug|Any CPU
		{87772822-013f-08d1-e85f-064c979023ea}.Debug|Any CPU.ActiveCfg = Debug|Any CPU
		{87772822-013f-08d1-e85f-064c979023ea}.Debug|Any CPU.Build.0 = Debug|Any CPU
		{e6b742c8-33dd-ee2b-3c77-aad5f8bc2c63}.Debug|Any CPU.ActiveCfg = Debug|Any CPU
		{e6b742c8-33dd-ee2b-3c77-aad5f8bc2c63}.Debug|Any CPU.Build.0 = Debug|Any CPU
		{2428ac97-56e1-95c8-fe95-3f5f7ac85ef3}.Debug|Any CPU.ActiveCfg = Debug|Any CPU
		{2428ac97-56e1-95c8-fe95-3f5f7ac85ef3}.Debug|Any CPU.Build.0 = Debug|Any CPU
		{f2f50b8f-d76d-54f4-50f3-a5bc7ea12d48}.Debug|Any CPU.ActiveCfg = Debug|Any CPU
		{f2f50b8f-d76d-54f4-50f3-a5bc7ea12d48}.Debug|Any CPU.Build.0 = Debug|Any CPU
		{af76386d-8448-d83c-8a32-4187db4067b9}.Debug|Any CPU.ActiveCfg = Debug|Any CPU
		{af76386d-8448-d83c-8a32-4187db4067b9}.Debug|Any CPU.Build.0 = Debug|Any CPU
		{c0b3365d-14b5-f669-ef4b-6b21370d556a}.Debug|Any CPU.ActiveCfg = Debug|Any CPU
		{c0b3365d-14b5-f669-ef4b-6b21370d556a}.Debug|Any CPU.Build.0 = Debug|Any CPU
		{9882f346-f763-782e-9e20-35180b96b745}.Debug|Any CPU.ActiveCfg = Debug|Any CPU
		{9882f346-f763-782e-9e20-35180b96b745}.Debug|Any CPU.Build.0 = Debug|Any CPU
		{847683d7-f907-abbc-df71-41460574b719}.Debug|Any CPU.ActiveCfg = Debug|Any CPU
		{847683d7-f907-abbc-df71-41460574b719}.Debug|Any CPU.Build.0 = Debug|Any CPU
		{ecdf35ae-f297-3703-d25e-49bcaa2a3a0b}.Debug|Any CPU.ActiveCfg = Debug|Any CPU
		{ecdf35ae-f297-3703-d25e-49bcaa2a3a0b}.Debug|Any CPU.Build.0 = Debug|Any CPU
		{f780454c-a196-24fa-e3c2-fe6f6bd4b506}.Debug|Any CPU.ActiveCfg = Debug|Any CPU
		{f780454c-a196-24fa-e3c2-fe6f6bd4b506}.Debug|Any CPU.Build.0 = Debug|Any CPU
		{a4de58b4-7e1e-85b3-5390-56f99b8b7784}.Debug|Any CPU.ActiveCfg = Debug|Any CPU
		{a4de58b4-7e1e-85b3-5390-56f99b8b7784}.Debug|Any CPU.Build.0 = Debug|Any CPU
		{c4da164e-366e-e4ca-96fa-a62b916d75ef}.Debug|Any CPU.ActiveCfg = Debug|Any CPU
		{c4da164e-366e-e4ca-96fa-a62b916d75ef}.Debug|Any CPU.Build.0 = Debug|Any CPU
		{c35b5a34-8b1b-5fc1-b780-cb68009383be}.Debug|Any CPU.ActiveCfg = Debug|Any CPU
		{c35b5a34-8b1b-5fc1-b780-cb68009383be}.Debug|Any CPU.Build.0 = Debug|Any CPU
		{51f60f52-6e4d-364f-2550-01459380fef9}.Debug|Any CPU.ActiveCfg = Debug|Any CPU
		{51f60f52-6e4d-364f-2550-01459380fef9}.Debug|Any CPU.Build.0 = Debug|Any CPU
		{dae37bb9-dd32-c1a3-116d-58373b61a0a2}.Debug|Any CPU.ActiveCfg = Debug|Any CPU
		{dae37bb9-dd32-c1a3-116d-58373b61a0a2}.Debug|Any CPU.Build.0 = Debug|Any CPU
		{ddc86744-0fc0-bd2d-fc6a-256611ebc242}.Debug|Any CPU.ActiveCfg = Debug|Any CPU
		{ddc86744-0fc0-bd2d-fc6a-256611ebc242}.Debug|Any CPU.Build.0 = Debug|Any CPU
		{4ecdcd43-fd62-be07-0671-1fec1e8c8e59}.Debug|Any CPU.ActiveCfg = Debug|Any CPU
		{4ecdcd43-fd62-be07-0671-1fec1e8c8e59}.Debug|Any CPU.Build.0 = Debug|Any CPU
		{a05f0bbc-946e-7f92-ef98-8bbca2f12b3c}.Debug|Any CPU.ActiveCfg = Debug|Any CPU
		{a05f0bbc-946e-7f92-ef98-8bbca2f12b3c}.Debug|Any CPU.Build.0 = Debug|Any CPU
		{1e4ca3ed-9d73-5dc7-8929-247654c69991}.Debug|Any CPU.ActiveCfg = Debug|Any CPU
		{1e4ca3ed-9d73-5dc7-8929-247654c69991}.Debug|Any CPU.Build.0 = Debug|Any CPU
		{30ff31e3-b21e-3862-639d-bfd6baee0912}.Debug|Any CPU.ActiveCfg = Debug|Any CPU
		{30ff31e3-b21e-3862-639d-bfd6baee0912}.Debug|Any CPU.Build.0 = Debug|Any CPU
		{bd6f0ac9-f880-2545-a886-5171a12c8438}.Debug|Any CPU.ActiveCfg = Debug|Any CPU
		{bd6f0ac9-f880-2545-a886-5171a12c8438}.Debug|Any CPU.Build.0 = Debug|Any CPU
		{1bbe3f69-9550-7569-f8c5-f5b4391b7777}.Debug|Any CPU.ActiveCfg = Debug|Any CPU
		{1bbe3f69-9550-7569-f8c5-f5b4391b7777}.Debug|Any CPU.Build.0 = Debug|Any CPU
		{edca3072-1dd0-c564-ff6e-97b8fee65c95}.Debug|Any CPU.ActiveCfg = Debug|Any CPU
		{edca3072-1dd0-c564-ff6e-97b8fee65c95}.Debug|Any CPU.Build.0 = Debug|Any CPU
		{907fe313-71e7-d290-8978-b13578977ef9}.Debug|Any CPU.ActiveCfg = Debug|Any CPU
		{907fe313-71e7-d290-8978-b13578977ef9}.Debug|Any CPU.Build.0 = Debug|Any CPU
	EndGlobalSection
	GlobalSection(SolutionProperties) = preSolution
		HideSolutionNode = FALSE
	EndGlobalSection
EndGlobal
